# Chart lock (ADR 0052 D5) — homelab-k8s.
#
# One entry per distinct (chart, version) pinned in this repo's kustomize
# layers. otel-collector is declared twice at the same version (two releases);
# it appears once here, because the lock records the ARTIFACT, not the release.
#
# content_digest is a hash over the EXTRACTED tree, not over the .tgz: artifact
# bytes are not guaranteed to survive a mirror round-trip, while content is what
# determines the render. Both artifact digests are recorded for provenance and
# never compared to each other. See homelab-k8s/scripts/mirror-chart.sh.
#
# Maintained by scripts/mirror-chart.sh (dry-run by default).
- layer: infrastructure/cert-manager
  name: cert-manager
  version: v1.21.1
  upstream: https://charts.jetstack.io
  mirror: oci://registry.homelab.internal/homelab/cert-manager
  content_digest: sha256:7b54afb6a3624e35d4b63e7e78fd1091a2e11bed7dc2f987046bf4e316fc2392
  upstream_artifact_sha256: sha256:c27101f3f3e2349fb4a9e704316105bf7b52ad73b8c8257d3498ef7f2f6a4adc
  mirror_artifact_sha256: sha256:c27101f3f3e2349fb4a9e704316105bf7b52ad73b8c8257d3498ef7f2f6a4adc
- layer: infrastructure/cilium
  name: cilium
  version: 1.20.1
  upstream: https://helm.cilium.io
  mirror: oci://registry.homelab.internal/homelab/cilium
  content_digest: sha256:358362256b46fbc5d6858e2d033bc1661426c426c217626d9b1a780b469d3340
  upstream_artifact_sha256: sha256:06210eef7c23d15f7699c79e2fe3a1ec9c389024c5c5c006ea04022d322449a2
  mirror_artifact_sha256: sha256:06210eef7c23d15f7699c79e2fe3a1ec9c389024c5c5c006ea04022d322449a2
- layer: infrastructure/clickhouse-operator
  name: altinity-clickhouse-operator
  version: 0.26.3
  upstream: https://docs.altinity.com/clickhouse-operator/
  mirror: oci://registry.homelab.internal/homelab/altinity-clickhouse-operator
  content_digest: sha256:527c7dfb26d3ef8ca24f88ed6314ab377a03e91f6d2c99e15b6eeb4a9364cedf
  upstream_artifact_sha256: sha256:4b136458a27a240ec0aa6199303505e40d484e72bb3902f06f179df0c74a648e
  mirror_artifact_sha256: sha256:4b136458a27a240ec0aa6199303505e40d484e72bb3902f06f179df0c74a648e
- layer: infrastructure/cnpg-barman-plugin
  name: plugin-barman-cloud
  version: 0.7.1
  upstream: https://cloudnative-pg.github.io/charts
  mirror: oci://registry.homelab.internal/homelab/plugin-barman-cloud
  content_digest: sha256:f12de363787d2948809f2ac4320acbfa8df6af7585745f431a14072d806deeb4
  upstream_artifact_sha256: sha256:3b385372b21c9a5bfb12283726ef3a7a726ce1f7dbafa2c27e49aa50eb6207f2
  mirror_artifact_sha256: sha256:3b385372b21c9a5bfb12283726ef3a7a726ce1f7dbafa2c27e49aa50eb6207f2
- layer: infrastructure/cnpg
  name: cloudnative-pg
  version: 0.29.0
  upstream: https://cloudnative-pg.github.io/charts
  mirror: oci://registry.homelab.internal/homelab/cloudnative-pg
  content_digest: sha256:1909fcc4d7314a585e515c1fba135786012e2c2c0eec78f284c3d35cd2c63eaf
  upstream_artifact_sha256: sha256:668e065ff53508d58238788fd35b355a925060843629a951df0e6a9362e6d32f
  mirror_artifact_sha256: sha256:668e065ff53508d58238788fd35b355a925060843629a951df0e6a9362e6d32f
- layer: infrastructure/csi-rclone
  name: csi-driver-rclone
  version: 0.5.0
  upstream: oci://ghcr.io/veloxpack/charts
  mirror: oci://registry.homelab.internal/homelab/csi-driver-rclone
  content_digest: sha256:de26c42ed474d604e161dc15159e48387fb386e4da32b2dcbf58c1bb8f21f6d5
  upstream_artifact_sha256: sha256:7f13aba9a7d38041fbb1e1e32de2d7d8b258a37b52f3cb155b2159dd50eaad4e
  mirror_artifact_sha256: sha256:7f13aba9a7d38041fbb1e1e32de2d7d8b258a37b52f3cb155b2159dd50eaad4e
- layer: infrastructure/external-secrets
  name: external-secrets
  version: 2.10.0
  upstream: https://charts.external-secrets.io
  mirror: oci://registry.homelab.internal/homelab/external-secrets
  content_digest: sha256:1363d9827e7b63e0248d0357f39d1b004a69289fa2a9516fd42f5c1d9de24351
  upstream_artifact_sha256: sha256:b96e948fff3674638b5d3f9e43886f3796e04739c4b4127929aed2ddac7d1418
  mirror_artifact_sha256: sha256:b96e948fff3674638b5d3f9e43886f3796e04739c4b4127929aed2ddac7d1418
- layer: infrastructure/kyverno
  name: kyverno
  version: 3.9.0
  upstream: https://kyverno.github.io/kyverno
  mirror: oci://registry.homelab.internal/homelab/kyverno
  content_digest: sha256:3781c5676f9b63126bc17df0572e204c02367b0c1c593d71744d6eba773b0c68
  upstream_artifact_sha256: sha256:9663e8d3d15b070e5925b4f26b3f9a8824872a42ac7bf27ca105c897cb5aba51
  mirror_artifact_sha256: sha256:9663e8d3d15b070e5925b4f26b3f9a8824872a42ac7bf27ca105c897cb5aba51
- layer: infrastructure/longhorn
  name: longhorn
  version: 1.11.3
  upstream: https://charts.longhorn.io
  mirror: oci://registry.homelab.internal/homelab/longhorn
  content_digest: sha256:0ae4c782c3c50a71150796e2900430b0c6c742a94d3e4dc243d0c4ea578e7692
  upstream_artifact_sha256: sha256:ab0682fe8ab2863c271bcfc230bc8c67a45dc0f2432cadbb917b3f52a23393d4
  mirror_artifact_sha256: sha256:ab0682fe8ab2863c271bcfc230bc8c67a45dc0f2432cadbb917b3f52a23393d4
- layer: infrastructure/minio-on-nas
  name: minio
  version: 5.4.0
  upstream: https://charts.min.io/
  mirror: oci://registry.homelab.internal/homelab/minio
  content_digest: sha256:c147b9b894905b99d33253949052f50a1ec69dff14804080f32f6999a071976f
  upstream_artifact_sha256: sha256:25fa2740480d1ebc9e64340854a6c42d3a7bc39c2a77378da91b21f144faa9af
  mirror_artifact_sha256: sha256:25fa2740480d1ebc9e64340854a6c42d3a7bc39c2a77378da91b21f144faa9af
- layer: infrastructure/nfs-csi
  name: csi-driver-nfs
  version: 4.13.4
  upstream: https://raw.githubusercontent.com/kubernetes-csi/csi-driver-nfs/master/charts
  mirror: oci://registry.homelab.internal/homelab/csi-driver-nfs
  content_digest: sha256:eee9019cc62cda6b7dab5116f8118ed5e8c3b178b36a868854ea3279d7f525fd
  upstream_artifact_sha256: sha256:3b923d981776f37b19808a3ad790d88517ff437ffce6fa1b97e3a10bb5f771a6
  mirror_artifact_sha256: sha256:3b923d981776f37b19808a3ad790d88517ff437ffce6fa1b97e3a10bb5f771a6
- layer: infrastructure/spegel
  name: spegel
  version: 0.7.4
  upstream: oci://ghcr.io/spegel-org/helm-charts
  mirror: oci://registry.homelab.internal/homelab/spegel
  content_digest: sha256:e9c9be35ec71a8a34c74fcb16cc4b2a70703d2815e82852cdb83e0445385d105
  upstream_artifact_sha256: sha256:de701886ed2eaaa0fb85d7cac5d960b06a82fa4c9d4e00310bebeb253f198a55
  mirror_artifact_sha256: sha256:de701886ed2eaaa0fb85d7cac5d960b06a82fa4c9d4e00310bebeb253f198a55
- layer: infrastructure/tailscale-operator
  name: tailscale-operator
  version: 1.102.3
  upstream: https://pkgs.tailscale.com/helmcharts
  mirror: oci://registry.homelab.internal/homelab/tailscale-operator
  content_digest: sha256:022d32573d0a55f88277b1418ae158f2b99514eb75331660dd9fea4426f230b0
  upstream_artifact_sha256: sha256:c2440014df04fdf1b67b53daa4290d7b878584cf4702f9b1b50f51ba64499a6a
  mirror_artifact_sha256: sha256:c2440014df04fdf1b67b53daa4290d7b878584cf4702f9b1b50f51ba64499a6a
- layer: infrastructure/trivy-operator
  name: trivy-operator
  version: 0.36.0
  upstream: https://aquasecurity.github.io/helm-charts/
  mirror: oci://registry.homelab.internal/homelab/trivy-operator
  content_digest: sha256:841f4e79e47e81bedb981bd5d0b21c689c155ab56049c1f6c43484d7748e07bc
  upstream_artifact_sha256: sha256:bb0c44bc70e3158cc63ea49d7458ede6db5b6c932f6585a2d787eb9712fd4288
  mirror_artifact_sha256: sha256:bb0c44bc70e3158cc63ea49d7458ede6db5b6c932f6585a2d787eb9712fd4288
- layer: infrastructure/trust-manager
  name: trust-manager
  version: v0.24.0
  upstream: https://charts.jetstack.io
  mirror: oci://registry.homelab.internal/homelab/trust-manager
  content_digest: sha256:9ec49a13081c75b004a966f147c1a5d1a3c83d0de2582416b97efd62278f97e9
  upstream_artifact_sha256: sha256:0de4bbef2d1a013bd4a91c6f59a9cb0273dda9a785e018a9a16e8f2b096af823
  mirror_artifact_sha256: sha256:0de4bbef2d1a013bd4a91c6f59a9cb0273dda9a785e018a9a16e8f2b096af823
- layer: observability/alloy
  name: alloy
  version: 1.12.1
  upstream: https://grafana.github.io/helm-charts
  mirror: oci://registry.homelab.internal/homelab/alloy
  content_digest: sha256:8137e47dd7a74eee39cc6dc32142d92e73cab856f00356d3a1c4af855a7c281b
  upstream_artifact_sha256: sha256:cdd1ec39f99c3c506d5b521156d72236ea143c089f50da6b64398f831734829c
  mirror_artifact_sha256: sha256:cdd1ec39f99c3c506d5b521156d72236ea143c089f50da6b64398f831734829c
- layer: observability/crowdsec
  name: crowdsec
  version: 0.24.2
  upstream: https://crowdsecurity.github.io/helm-charts
  mirror: oci://registry.homelab.internal/homelab/crowdsec
  content_digest: sha256:f4303aa1c9c43bf75798c4b49070d768bf03f63079277432ff318cf606ffe818
  upstream_artifact_sha256: sha256:b3ded291c979373ffd328cdc4302b71fb14f166ffe4b339353df288d41474959
  mirror_artifact_sha256: sha256:b3ded291c979373ffd328cdc4302b71fb14f166ffe4b339353df288d41474959
- layer: observability/kube-prometheus-stack
  name: kube-prometheus-stack
  version: 87.16.1
  upstream: https://prometheus-community.github.io/helm-charts
  mirror: oci://registry.homelab.internal/homelab/kube-prometheus-stack
  content_digest: sha256:cf8d4a42056fc151ff4bf742bb664d886918854d3802e3ff209fb2ad3fb28a03
  upstream_artifact_sha256: sha256:153c69faae66a313dc07ed36f77741fd17cc7da86d3d7790b34bf4d4902fe7f4
  mirror_artifact_sha256: sha256:153c69faae66a313dc07ed36f77741fd17cc7da86d3d7790b34bf4d4902fe7f4
- layer: observability/langfuse
  name: langfuse
  version: 1.5.38
  upstream: https://langfuse.github.io/langfuse-k8s
  mirror: oci://registry.homelab.internal/homelab/langfuse
  content_digest: sha256:f94ac8042dbf1b32e7fff57061d728f69aa89ddf0ff193556e009d4da908f296
  upstream_artifact_sha256: sha256:c597fb91cccb5f32b69dbfffdb26964a8292aee43998e0826f73e36a039ebb94
  mirror_artifact_sha256: sha256:c597fb91cccb5f32b69dbfffdb26964a8292aee43998e0826f73e36a039ebb94
- layer: observability/loki
  name: loki
  version: 6.55.0
  upstream: https://grafana.github.io/helm-charts
  mirror: oci://registry.homelab.internal/homelab/loki
  content_digest: sha256:3c6f6ecac5f170bb2cae2803437b597343c5ea71b760b5480712342baa788c36
  upstream_artifact_sha256: sha256:f0026f251da5b49cea636a24143dbbadf15b39f51fc4639c9e0d08a4bc975ee3
  mirror_artifact_sha256: sha256:f0026f251da5b49cea636a24143dbbadf15b39f51fc4639c9e0d08a4bc975ee3
- layer: observability/otel-collector
  name: opentelemetry-collector
  version: 0.108.0
  upstream: https://open-telemetry.github.io/opentelemetry-helm-charts
  mirror: oci://registry.homelab.internal/homelab/opentelemetry-collector
  content_digest: sha256:b6ceac41accf2cc40a52aef758e0594a4bf69fc938d818ed6874f6c9adf04502
  upstream_artifact_sha256: sha256:0ea2ea90404405fd0748f6c5c09da1ce581cb166689a4671aeb98ff2c00d782b
  mirror_artifact_sha256: sha256:0ea2ea90404405fd0748f6c5c09da1ce581cb166689a4671aeb98ff2c00d782b
- layer: observability/tempo
  name: tempo
  version: 1.24.4
  upstream: https://grafana.github.io/helm-charts
  mirror: oci://registry.homelab.internal/homelab/tempo
  content_digest: sha256:3c2d97bed6b249b19dc5ef5aa95c9aad168e433daed1032006ace06f0bec1db4
  upstream_artifact_sha256: sha256:f1f6e318d5bca3b5097cb676077796cdf8135beb2c1f71c4d14614ccf9b0081b
  mirror_artifact_sha256: sha256:f1f6e318d5bca3b5097cb676077796cdf8135beb2c1f71c4d14614ccf9b0081b
- layer: platform/authentik
  name: authentik
  version: 2026.5.4
  upstream: https://charts.goauthentik.io
  mirror: oci://registry.homelab.internal/homelab/authentik
  content_digest: sha256:b3a50c1764a1387ec7af78d4f00446cd1ca83009c484052131f729dc1985aea8
  upstream_artifact_sha256: sha256:b9396670c46b35e45d40bbfc6406d8b81e2ee9f9d339ca018b7e1ccdfb81a6c0
  mirror_artifact_sha256: sha256:b9396670c46b35e45d40bbfc6406d8b81e2ee9f9d339ca018b7e1ccdfb81a6c0
- layer: platform/forgejo
  name: forgejo
  version: 17.1.5
  upstream: oci://code.forgejo.org/forgejo-helm
  mirror: oci://registry.homelab.internal/homelab/forgejo
  content_digest: sha256:e2dde38c0dd0f1b3e46d5bfdaab8d96814bd88967d4bce94f818dac44a1500a8
  upstream_artifact_sha256: sha256:3d40e833748e5c92855c7f919f689ba526eeec72a08386e797d65905f9a3ae29
  mirror_artifact_sha256: sha256:3d40e833748e5c92855c7f919f689ba526eeec72a08386e797d65905f9a3ae29
- layer: platform/openbao
  name: openbao
  version: 0.29.4
  upstream: https://openbao.github.io/openbao-helm
  mirror: oci://registry.homelab.internal/homelab/openbao
  content_digest: sha256:5ba3c8645860e6ab6ac1ca8c5c07f4aeb2c91f06970f1ab428792ef1b02d1a88
  upstream_artifact_sha256: sha256:d62654eb787b70677d76b864528977277a306ac355c67f2cd8cfc301363119fb
  mirror_artifact_sha256: sha256:d62654eb787b70677d76b864528977277a306ac355c67f2cd8cfc301363119fb
- layer: platform/woodpecker
  name: woodpecker
  version: 3.7.3
  upstream: https://woodpecker-ci.org/
  mirror: oci://registry.homelab.internal/homelab/woodpecker
  content_digest: sha256:fa51656058b958661d0f7a7ee62b08c2e52c47af7485c3edde0cc7064a78d491
  upstream_artifact_sha256: sha256:7482b22aa4e79b4d0f6ca6686f58a5c83f4d7fcca1af3162877c0fe800c439e8
  mirror_artifact_sha256: sha256:7482b22aa4e79b4d0f6ca6686f58a5c83f4d7fcca1af3162877c0fe800c439e8
